
Microsoft Visual Studio Solution File, Format Version 12.00
# Visual Studio Version 17
VisualStudioVersion = 17.14.36930.0 d17.14
MinimumVisualStudioVersion = 10.0.40219.1
Project("{FAE04EC0-301F-11D3-BF4B-00C04F79EFBC}") = "Ex7", "Ex7\Ex7.csproj", "{9438D594-75F5-4ECC-B80B-57174E434BE3}"
EndProject
Global
	GlobalSection(SolutionConfigurationPlatforms) = preSolution
		Debug|Any CPU = Debug|Any CPU
		Release|Any CPU = Release|Any CPU
	EndGlobalSection
	GlobalSection(ProjectConfigurationPlatforms) = postSolution
		{9438D594-75F5-4ECC-B80B-57174E434BE3}.Debug|Any CPU.ActiveCfg = Debug|Any CPU
		{9438D594-75F5-4ECC-B80B-57174E434BE3}.Debug|Any CPU.Build.0 = Debug|Any CPU
		{9438D594-75F5-4ECC-B80B-57174E434BE3}.Release|Any CPU.ActiveCfg = Release|Any CPU
		{9438D594-75F5-4ECC-B80B-57174E434BE3}.Release|Any CPU.Build.0 = Release|Any CPU
	EndGlobalSection
	GlobalSection(SolutionProperties) = preSolution
		HideSolutionNode = FALSE
	EndGlobalSection
	GlobalSection(ExtensibilityGlobals) = postSolution
		SolutionGuid = {14EDBCD0-BD97-4AAB-86CE-7D2CFFAABEC3}
	EndGlobalSection
EndGlobal
