
Microsoft Visual Studio Solution File, Format Version 12.00
# Visual Studio Version 17
VisualStudioVersion = 17.14.36930.0 d17.14
MinimumVisualStudioVersion = 10.0.40219.1
Project("{FAE04EC0-301F-11D3-BF4B-00C04F79EFBC}") = "Ex2", "Ex2\Ex2.csproj", "{9B5153F9-15F8-4D8C-B9E6-B11AF40B05D5}"
EndProject
Global
	GlobalSection(SolutionConfigurationPlatforms) = preSolution
		Debug|Any CPU = Debug|Any CPU
		Release|Any CPU = Release|Any CPU
	EndGlobalSection
	GlobalSection(ProjectConfigurationPlatforms) = postSolution
		{9B5153F9-15F8-4D8C-B9E6-B11AF40B05D5}.Debug|Any CPU.ActiveCfg = Debug|Any CPU
		{9B5153F9-15F8-4D8C-B9E6-B11AF40B05D5}.Debug|Any CPU.Build.0 = Debug|Any CPU
		{9B5153F9-15F8-4D8C-B9E6-B11AF40B05D5}.Release|Any CPU.ActiveCfg = Release|Any CPU
		{9B5153F9-15F8-4D8C-B9E6-B11AF40B05D5}.Release|Any CPU.Build.0 = Release|Any CPU
	EndGlobalSection
	GlobalSection(SolutionProperties) = preSolution
		HideSolutionNode = FALSE
	EndGlobalSection
	GlobalSection(ExtensibilityGlobals) = postSolution
		SolutionGuid = {3A9D38B5-010E-4CA2-9105-D44D03FA417A}
	EndGlobalSection
EndGlobal
